
Microsoft Visual Studio Solution File, Format Version 12.00
# Visual Studio Version 17
VisualStudioVersion = 17.0.32112.339
MinimumVisualStudioVersion = 10.0.40219.1
Project("{FAE04EC0-301F-11D3-BF4B-00C04F79EFBC}") = "GreenshotPlugins.ERPNext", "GreenshotPlugins.ERPNext\GreenshotPlugins.ERPNext.csproj", "{A9B54A41-9076-47C6-A15E-31A8D4CB7584}"
EndProject
Global
	GlobalSection(SolutionConfigurationPlatforms) = preSolution
		Debug|Any CPU = Debug|Any CPU
		Release|Any CPU = Release|Any CPU
	EndGlobalSection
	GlobalSection(ProjectConfigurationPlatforms) = postSolution
		{A9B54A41-9076-47C6-A15E-31A8D4CB7584}.Debug|Any CPU.ActiveCfg = Debug|Any CPU
		{A9B54A41-9076-47C6-A15E-31A8D4CB7584}.Debug|Any CPU.Build.0 = Debug|Any CPU
		{A9B54A41-9076-47C6-A15E-31A8D4CB7584}.Release|Any CPU.ActiveCfg = Release|Any CPU
		{A9B54A41-9076-47C6-A15E-31A8D4CB7584}.Release|Any CPU.Build.0 = Release|Any CPU
	EndGlobalSection
	GlobalSection(SolutionProperties) = preSolution
		HideSolutionNode = FALSE
	EndGlobalSection
	GlobalSection(ExtensibilityGlobals) = postSolution
		SolutionGuid = {FA667BA4-88F3-4A3B-8881-96BF53CFF2D4}
	EndGlobalSection
EndGlobal
